
Microsoft Visual Studio Solution File, Format Version 12.00
# Visual Studio Version 17
VisualStudioVersion = 17.5.33530.505
MinimumVisualStudioVersion = 10.0.40219.1
Project("{FAE04EC0-301F-11D3-BF4B-00C04F79EFBC}") = "MATAds", "MATAds\MATAds.csproj", "{6033BF6D-C5B5-400D-9978-72D22D9D8861}"
EndProject
Global
	GlobalSection(SolutionConfigurationPlatforms) = preSolution
		Debug|Any CPU = Debug|Any CPU
		Release|Any CPU = Release|Any CPU
	EndGlobalSection
	GlobalSection(ProjectConfigurationPlatforms) = postSolution
		{6033BF6D-C5B5-400D-9978-72D22D9D8861}.Debug|Any CPU.ActiveCfg = Debug|Any CPU
		{6033BF6D-C5B5-400D-9978-72D22D9D8861}.Debug|Any CPU.Build.0 = Debug|Any CPU
		{6033BF6D-C5B5-400D-9978-72D22D9D8861}.Release|Any CPU.ActiveCfg = Release|Any CPU
		{6033BF6D-C5B5-400D-9978-72D22D9D8861}.Release|Any CPU.Build.0 = Release|Any CPU
	EndGlobalSection
	GlobalSection(SolutionProperties) = preSolution
		HideSolutionNode = FALSE
	EndGlobalSection
	GlobalSection(ExtensibilityGlobals) = postSolution
		SolutionGuid = {F1EAAB13-AC9C-43DF-8292-847C3F670746}
	EndGlobalSection
EndGlobal
